PODS:
  - DZReadability (0.1.0):
    - DZReadability/Core
  - DZReadability/Core (0.1.0):
    - DZReadability/GDataXML-HTML
  - DZReadability/GDataXML-HTML (0.1.0)
  - Kiwi (2.3.0)

DEPENDENCIES:
  - DZReadability (from `../`)
  - Kiwi

EXTERNAL SOURCES:
  DZReadability:
    :path: ../

SPEC CHECKSUMS:
  DZReadability: d76233be2b4570220cc46aa63a83eeaed81cf8b9
  Kiwi: 54bece5b35564d9b8e03c608d926f1a22fcfc589

COCOAPODS: 0.33.1
