PODS:
  - AFNetworking (2.5.0):
    - AFNetworking/NSURLConnection
    - AFNetworking/NSURLSession
    - AFNetworking/Reachability
    - AFNetworking/Security
    - AFNetworking/Serialization
    - AFNetworking/UIKit
  - AFNetworking/NSURLConnection (2.5.0):
    - AFNetworking/Reachability
    - AFNetworking/Security
    - AFNetworking/Serialization
  - AFNetworking/NSURLSession (2.5.0):
    - AFNetworking/Reachability
    - AFNetworking/Security
    - AFNetworking/Serialization
  - AFNetworking/Reachability (2.5.0)
  - AFNetworking/Security (2.5.0)
  - AFNetworking/Serialization (2.5.0)
  - AFNetworking/UIKit (2.5.0):
    - AFNetworking/NSURLConnection
    - AFNetworking/NSURLSession
  - DZReadability (0.1.6):
    - DZReadability/Core
  - DZReadability/Core (0.1.6):
    - DZReadability/Core-no-arc
  - DZReadability/Core-no-arc (0.1.6)
  - MBProgressHUD (0.9)

DEPENDENCIES:
  - AFNetworking
  - DZReadability (from `../`)
  - MBProgressHUD

EXTERNAL SOURCES:
  DZReadability:
    :path: ../

SPEC CHECKSUMS:
  AFNetworking: 0f54cb5d16ce38c1b76948faffb8d5fb705021c7
  DZReadability: b8ad6cf16232b114a88ad97b83e647850de5e00e
  MBProgressHUD: 2038dbcf3dce73215abed6001657043d53aa79a8

COCOAPODS: 0.34.1
